dependencies:
- name: cert-manager-issuer
  repository: file://charts/cert-manager-issuer
  version: 0.1.0
- name: external-secrets
  repository: file://charts/external-secrets
  version: 0.1.0
- name: monitoring
  repository: file://charts/monitoring
  version: 0.1.0
- name: network-policies
  repository: file://charts/network-policies
  version: 0.1.0
- name: sealed-secrets
  repository: file://charts/sealed-secrets
  version: 0.1.0
digest: sha256:2f0735bd8a2c3736750e48682221d69f7971e98125ff069b8e28e81dc56bb008
generated: "2026-06-14T03:32:50.101642926Z"
